
Microsoft Visual Studio Solution File, Format Version 12.00
# Visual Studio Version 16
VisualStudioVersion = 16.0.34931.43
MinimumVisualStudioVersion = 10.0.40219.1
Project("{FAE04EC0-301F-11D3-BF4B-00C04F79EFBC}") = "StudentDB.cs", "Program.cs\StudentDB.cs.csproj", "{749AEAC9-4BF7-4D0B-84E5-87723C6A29BC}"
EndProject
Global
	GlobalSection(SolutionConfigurationPlatforms) = preSolution
		Debug|Any CPU = Debug|Any CPU
		Release|Any CPU = Release|Any CPU
	EndGlobalSection
	GlobalSection(ProjectConfigurationPlatforms) = postSolution
		{749AEAC9-4BF7-4D0B-84E5-87723C6A29BC}.Debug|Any CPU.ActiveCfg = Debug|Any CPU
		{749AEAC9-4BF7-4D0B-84E5-87723C6A29BC}.Debug|Any CPU.Build.0 = Debug|Any CPU
		{749AEAC9-4BF7-4D0B-84E5-87723C6A29BC}.Release|Any CPU.ActiveCfg = Release|Any CPU
		{749AEAC9-4BF7-4D0B-84E5-87723C6A29BC}.Release|Any CPU.Build.0 = Release|Any CPU
	EndGlobalSection
	GlobalSection(SolutionProperties) = preSolution
		HideSolutionNode = FALSE
	EndGlobalSection
	GlobalSection(ExtensibilityGlobals) = postSolution
		SolutionGuid = {C37D68D3-3D10-4ABE-8629-19809DFC15B0}
	EndGlobalSection
EndGlobal
